{
  "version": 4,
  "terraform_version": "1.13.5",
  "serial": 8,
  "lineage": "7e4a1508-46e7-c2e0-260f-1b30c8023fb1",
  "outputs": {
    "admin_username": {
      "value": "azureuser",
      "type": "string"
    },
    "location": {
      "value": "eastus",
      "type": "string"
    },
    "resource_group_name": {
      "value": "RG-NSSA-320-Group9",
      "type": "string"
    },
    "ssh_command": {
      "value": "ssh azureuser@74.235.231.68",
      "type": "string"
    },
    "vm_id": {
      "value": "/subscriptions/c0035358-9776-4fa3-ac05-e92b995d067b/resourceGroups/RG-NSSA-320-Group9/providers/Microsoft.Compute/virtualMachines/vm-nssa-320-group9",
      "type": "string"
    },
    "vm_private_ip": {
      "value": "10.0.1.4",
      "type": "string"
    },
    "vm_public_ip": {
      "value": "74.235.231.68",
      "type": "string"
    }
  },
  "resources": [
    {
      "module": "module.compute",
      "mode": "managed",
      "type": "azurerm_linux_virtual_machine",
      "name": "vm",
      "provider": "provider[\"registry.terraform.io/hashicorp/azurerm\"]",
      "instances": [
        {
          "schema_version": 0,
          "attributes": {
            "additional_capabilities": [],
            "admin_password": null,
            "admin_ssh_key": [
              {
                "public_key": "ssh-rsa AAAAB3NzaC1yc2EAAAADAQABAAACAQDZ8G8NLK46LhyGWzmeYkdfbSVz3Xku/Qk8ciYlvzW8y3kjyKbnJ8GARsNXn/AfLeTqYMXEhnwxvTJvNmVmAj3dK00plGNaVrwJtmWFtj3BNoBMxT1pFa8zwjT7VMQAH+mI+wajXmPO6MrYpCRPb/hNVfjXkmA+emBTd1flkkKOYb2h0rv+oKeu3w7/dbqv9RBzxdpW2eyAtj3s1dmOz95Er9fgdpHCaJrwm4j45+7VuELnsBUFqp7iyjJAZsY8pArrMkU3gf42JY7WbgG5Op4/+uWUFJaflHmFlhj7eKZ9KBxwJPVEPDcUoYcdsDxc30y+Hrhj0mDO+Mehcciw7btxcSQFGpNey4uNDTLpSp62bl04vVve5pDFeJG2cWQSD/5W/W05QZy7L6sdEtrzNP83q9Rmj5vJqsZGu05Bs68GiJaAsjNW+ja0HU4OBTbg1+JGerhIin4BEY9QS3XLiVLxDPFxNW8d2YAY08GLy1W31GbyFu0Hhcge7JT8o7bN9wixH8YfBTKDo64TD6ckB5Sff2DOs+LeqqWH0ilPBPd8MBL+4Wl6k2UYc22uekqCqVv+uFmynf7tHMUjENO9qHxIf9x6opaD6FgrOrmtbrzgOaWbmborCIE0ppQoJdhFMpdYpUiFxdhlYNHgCE78ShTMbvg2BFDFgoJNGFHKILfmlQ== azureuser\r\n",
                "username": "azureuser"
              }
            ],
            "admin_username": "azureuser",
            "allow_extension_operations": true,
            "availability_set_id": "",
            "boot_diagnostics": [],
            "bypass_platform_safety_checks_on_user_schedule_enabled": false,
            "capacity_reservation_group_id": "",
            "computer_name": "vm-nssa-320-group9",
            "custom_data": null,
            "dedicated_host_group_id": "",
            "dedicated_host_id": "",
            "disable_password_authentication": true,
            "disk_controller_type": "",
            "edge_zone": "",
            "encryption_at_host_enabled": false,
            "eviction_policy": "",
            "extensions_time_budget": "PT1H30M",
            "gallery_application": [],
            "id": "/subscriptions/c0035358-9776-4fa3-ac05-e92b995d067b/resourceGroups/RG-NSSA-320-Group9/providers/Microsoft.Compute/virtualMachines/vm-nssa-320-group9",
            "identity": [],
            "license_type": "",
            "location": "eastus",
            "max_bid_price": -1,
            "name": "vm-nssa-320-group9",
            "network_interface_ids": [
              "/subscriptions/c0035358-9776-4fa3-ac05-e92b995d067b/resourceGroups/RG-NSSA-320-Group9/providers/Microsoft.Network/networkInterfaces/vm-nssa-320-group9-nic"
            ],
            "os_disk": [
              {
                "caching": "ReadWrite",
                "diff_disk_settings": [],
                "disk_encryption_set_id": "",
                "disk_size_gb": 30,
                "name": "vm-nssa-320-group9_disk1_83486225ff9d4cc8aec69deed4bf9dd4",
                "secure_vm_disk_encryption_set_id": "",
                "security_encryption_type": "",
                "storage_account_type": "Standard_LRS",
                "write_accelerator_enabled": false
              }
            ],
            "os_image_notification": [],
            "patch_assessment_mode": "ImageDefault",
            "patch_mode": "ImageDefault",
            "plan": [],
            "platform_fault_domain": -1,
            "priority": "Regular",
            "private_ip_address": "10.0.1.4",
            "private_ip_addresses": [
              "10.0.1.4"
            ],
            "provision_vm_agent": true,
            "proximity_placement_group_id": "",
            "public_ip_address": "74.235.231.68",
            "public_ip_addresses": [
              "74.235.231.68"
            ],
            "reboot_setting": "",
            "resource_group_name": "RG-NSSA-320-Group9",
            "secret": [],
            "secure_boot_enabled": false,
            "size": "Standard_B2s",
            "source_image_id": "",
            "source_image_reference": [
              {
                "offer": "0001-com-ubuntu-server-jammy",
                "publisher": "Canonical",
                "sku": "22_04-lts",
                "version": "latest"
              }
            ],
            "tags": null,
            "termination_notification": null,
            "timeouts": null,
            "user_data": "",
            "virtual_machine_id": "98df2d68-71f7-41e8-8f08-bdce51325fe0",
            "virtual_machine_scale_set_id": "",
            "vm_agent_platform_updates_enabled": false,
            "vtpm_enabled": false,
            "zone": ""
          },
          "sensitive_attributes": [
            [
              {
                "type": "get_attr",
                "value": "admin_password"
              }
            ],
            [
              {
                "type": "get_attr",
                "value": "custom_data"
              }
            ]
          ],
          "identity_schema_version": 0,
          "private": "eyJlMmJmYjczMC1lY2FhLTExZTYtOGY4OC0zNDM2M2JjN2M0YzAiOnsiY3JlYXRlIjoyNzAwMDAwMDAwMDAwLCJkZWxldGUiOjI3MDAwMDAwMDAwMDAsInJlYWQiOjMwMDAwMDAwMDAwMCwidXBkYXRlIjoyNzAwMDAwMDAwMDAwfX0=",
          "dependencies": [
            "module.compute.azurerm_network_interface.nic",
            "module.compute.azurerm_public_ip.pip",
            "module.networking.azurerm_subnet.subnet",
            "module.networking.azurerm_virtual_network.vnet"
          ]
        }
      ]
    },
    {
      "module": "module.compute",
      "mode": "managed",
      "type": "azurerm_network_interface",
      "name": "nic",
      "provider": "provider[\"registry.terraform.io/hashicorp/azurerm\"]",
      "instances": [
        {
          "schema_version": 0,
          "attributes": {
            "accelerated_networking_enabled": false,
            "applied_dns_servers": [],
            "auxiliary_mode": "",
            "auxiliary_sku": "",
            "dns_servers": [],
            "edge_zone": "",
            "enable_accelerated_networking": false,
            "enable_ip_forwarding": false,
            "id": "/subscriptions/c0035358-9776-4fa3-ac05-e92b995d067b/resourceGroups/RG-NSSA-320-Group9/providers/Microsoft.Network/networkInterfaces/vm-nssa-320-group9-nic",
            "internal_dns_name_label": "",
            "internal_domain_name_suffix": "tty51xj0nzqezj0qk3laycqy0c.bx.internal.cloudapp.net",
            "ip_configuration": [
              {
                "gateway_load_balancer_frontend_ip_configuration_id": "",
                "name": "ipconfig",
                "primary": true,
                "private_ip_address": "10.0.1.4",
                "private_ip_address_allocation": "Dynamic",
                "private_ip_address_version": "IPv4",
                "public_ip_address_id": "/subscriptions/c0035358-9776-4fa3-ac05-e92b995d067b/resourceGroups/RG-NSSA-320-Group9/providers/Microsoft.Network/publicIPAddresses/vm-nssa-320-group9-pip",
                "subnet_id": "/subscriptions/c0035358-9776-4fa3-ac05-e92b995d067b/resourceGroups/RG-NSSA-320-Group9/providers/Microsoft.Network/virtualNetworks/RG-NSSA-320-Group9-vnet/subnets/RG-NSSA-320-Group9-subnet"
              }
            ],
            "ip_forwarding_enabled": false,
            "location": "eastus",
            "mac_address": "",
            "name": "vm-nssa-320-group9-nic",
            "private_ip_address": "10.0.1.4",
            "private_ip_addresses": [
              "10.0.1.4"
            ],
            "resource_group_name": "RG-NSSA-320-Group9",
            "tags": null,
            "timeouts": null,
            "virtual_machine_id": ""
          },
          "sensitive_attributes": [],
          "identity_schema_version": 0,
          "private": "eyJlMmJmYjczMC1lY2FhLTExZTYtOGY4OC0zNDM2M2JjN2M0YzAiOnsiY3JlYXRlIjoxODAwMDAwMDAwMDAwLCJkZWxldGUiOjE4MDAwMDAwMDAwMDAsInJlYWQiOjMwMDAwMDAwMDAwMCwidXBkYXRlIjoxODAwMDAwMDAwMDAwfX0=",
          "dependencies": [
            "module.compute.azurerm_public_ip.pip",
            "module.networking.azurerm_subnet.subnet",
            "module.networking.azurerm_virtual_network.vnet"
          ]
        }
      ]
    },
    {
      "module": "module.compute",
      "mode": "managed",
      "type": "azurerm_network_interface_security_group_association",
      "name": "nic_nsg",
      "provider": "provider[\"registry.terraform.io/hashicorp/azurerm\"]",
      "instances": [
        {
          "schema_version": 0,
          "attributes": {
            "id": "/subscriptions/c0035358-9776-4fa3-ac05-e92b995d067b/resourceGroups/RG-NSSA-320-Group9/providers/Microsoft.Network/networkInterfaces/vm-nssa-320-group9-nic|/subscriptions/c0035358-9776-4fa3-ac05-e92b995d067b/resourceGroups/RG-NSSA-320-Group9/providers/Microsoft.Network/networkSecurityGroups/RG-NSSA-320-Group9-nsg",
            "network_interface_id": "/subscriptions/c0035358-9776-4fa3-ac05-e92b995d067b/resourceGroups/RG-NSSA-320-Group9/providers/Microsoft.Network/networkInterfaces/vm-nssa-320-group9-nic",
            "network_security_group_id": "/subscriptions/c0035358-9776-4fa3-ac05-e92b995d067b/resourceGroups/RG-NSSA-320-Group9/providers/Microsoft.Network/networkSecurityGroups/RG-NSSA-320-Group9-nsg",
            "timeouts": null
          },
          "sensitive_attributes": [],
          "identity_schema_version": 0,
          "private": "eyJlMmJmYjczMC1lY2FhLTExZTYtOGY4OC0zNDM2M2JjN2M0YzAiOnsiY3JlYXRlIjoxODAwMDAwMDAwMDAwLCJkZWxldGUiOjE4MDAwMDAwMDAwMDAsInJlYWQiOjMwMDAwMDAwMDAwMH19",
          "dependencies": [
            "module.compute.azurerm_network_interface.nic",
            "module.compute.azurerm_public_ip.pip",
            "module.networking.azurerm_network_security_group.nsg",
            "module.networking.azurerm_subnet.subnet",
            "module.networking.azurerm_virtual_network.vnet"
          ]
        }
      ]
    },
    {
      "module": "module.compute",
      "mode": "managed",
      "type": "azurerm_public_ip",
      "name": "pip",
      "provider": "provider[\"registry.terraform.io/hashicorp/azurerm\"]",
      "instances": [
        {
          "schema_version": 0,
          "attributes": {
            "allocation_method": "Static",
            "ddos_protection_mode": "VirtualNetworkInherited",
            "ddos_protection_plan_id": null,
            "domain_name_label": null,
            "edge_zone": "",
            "fqdn": null,
            "id": "/subscriptions/c0035358-9776-4fa3-ac05-e92b995d067b/resourceGroups/RG-NSSA-320-Group9/providers/Microsoft.Network/publicIPAddresses/vm-nssa-320-group9-pip",
            "idle_timeout_in_minutes": 4,
            "ip_address": "74.235.231.68",
            "ip_tags": null,
            "ip_version": "IPv4",
            "location": "eastus",
            "name": "vm-nssa-320-group9-pip",
            "public_ip_prefix_id": null,
            "resource_group_name": "RG-NSSA-320-Group9",
            "reverse_fqdn": null,
            "sku": "Standard",
            "sku_tier": "Regional",
            "tags": null,
            "timeouts": null,
            "zones": null
          },
          "sensitive_attributes": [],
          "identity_schema_version": 0,
          "private": "eyJlMmJmYjczMC1lY2FhLTExZTYtOGY4OC0zNDM2M2JjN2M0YzAiOnsiY3JlYXRlIjoxODAwMDAwMDAwMDAwLCJkZWxldGUiOjE4MDAwMDAwMDAwMDAsInJlYWQiOjMwMDAwMDAwMDAwMCwidXBkYXRlIjoxODAwMDAwMDAwMDAwfX0="
        }
      ]
    },
    {
      "module": "module.networking",
      "mode": "managed",
      "type": "azurerm_network_security_group",
      "name": "nsg",
      "provider": "provider[\"registry.terraform.io/hashicorp/azurerm\"]",
      "instances": [
        {
          "schema_version": 0,
          "attributes": {
            "id": "/subscriptions/c0035358-9776-4fa3-ac05-e92b995d067b/resourceGroups/RG-NSSA-320-Group9/providers/Microsoft.Network/networkSecurityGroups/RG-NSSA-320-Group9-nsg",
            "location": "eastus",
            "name": "RG-NSSA-320-Group9-nsg",
            "resource_group_name": "RG-NSSA-320-Group9",
            "security_rule": [
              {
                "access": "Allow",
                "description": "",
                "destination_address_prefix": "*",
                "destination_address_prefixes": [],
                "destination_application_security_group_ids": [],
                "destination_port_range": "22",
                "destination_port_ranges": [],
                "direction": "Inbound",
                "name": "SSH",
                "priority": 1001,
                "protocol": "Tcp",
                "source_address_prefix": "*",
                "source_address_prefixes": [],
                "source_application_security_group_ids": [],
                "source_port_range": "*",
                "source_port_ranges": []
              },
              {
                "access": "Allow",
                "description": "",
                "destination_address_prefix": "*",
                "destination_address_prefixes": [],
                "destination_application_security_group_ids": [],
                "destination_port_range": "80",
                "destination_port_ranges": [],
                "direction": "Inbound",
                "name": "HTTP",
                "priority": 1002,
                "protocol": "Tcp",
                "source_address_prefix": "*",
                "source_address_prefixes": [],
                "source_application_security_group_ids": [],
                "source_port_range": "*",
                "source_port_ranges": []
              }
            ],
            "tags": null,
            "timeouts": null
          },
          "sensitive_attributes": [],
          "identity_schema_version": 0,
          "private": "eyJlMmJmYjczMC1lY2FhLTExZTYtOGY4OC0zNDM2M2JjN2M0YzAiOnsiY3JlYXRlIjoxODAwMDAwMDAwMDAwLCJkZWxldGUiOjE4MDAwMDAwMDAwMDAsInJlYWQiOjMwMDAwMDAwMDAwMCwidXBkYXRlIjoxODAwMDAwMDAwMDAwfX0="
        }
      ]
    },
    {
      "module": "module.networking",
      "mode": "managed",
      "type": "azurerm_subnet",
      "name": "subnet",
      "provider": "provider[\"registry.terraform.io/hashicorp/azurerm\"]",
      "instances": [
        {
          "schema_version": 0,
          "attributes": {
            "address_prefixes": [
              "10.0.1.0/24"
            ],
            "default_outbound_access_enabled": true,
            "delegation": [],
            "enforce_private_link_endpoint_network_policies": false,
            "enforce_private_link_service_network_policies": false,
            "id": "/subscriptions/c0035358-9776-4fa3-ac05-e92b995d067b/resourceGroups/RG-NSSA-320-Group9/providers/Microsoft.Network/virtualNetworks/RG-NSSA-320-Group9-vnet/subnets/RG-NSSA-320-Group9-subnet",
            "name": "RG-NSSA-320-Group9-subnet",
            "private_endpoint_network_policies": "Enabled",
            "private_endpoint_network_policies_enabled": true,
            "private_link_service_network_policies_enabled": true,
            "resource_group_name": "RG-NSSA-320-Group9",
            "service_endpoint_policy_ids": null,
            "service_endpoints": null,
            "timeouts": null,
            "virtual_network_name": "RG-NSSA-320-Group9-vnet"
          },
          "sensitive_attributes": [],
          "identity_schema_version": 0,
          "private": "eyJlMmJmYjczMC1lY2FhLTExZTYtOGY4OC0zNDM2M2JjN2M0YzAiOnsiY3JlYXRlIjoxODAwMDAwMDAwMDAwLCJkZWxldGUiOjE4MDAwMDAwMDAwMDAsInJlYWQiOjMwMDAwMDAwMDAwMCwidXBkYXRlIjoxODAwMDAwMDAwMDAwfX0=",
          "dependencies": [
            "module.networking.azurerm_virtual_network.vnet"
          ]
        }
      ]
    },
    {
      "module": "module.networking",
      "mode": "managed",
      "type": "azurerm_virtual_network",
      "name": "vnet",
      "provider": "provider[\"registry.terraform.io/hashicorp/azurerm\"]",
      "instances": [
        {
          "schema_version": 0,
          "attributes": {
            "address_space": [
              "10.0.0.0/16"
            ],
            "bgp_community": "",
            "ddos_protection_plan": [],
            "dns_servers": [],
            "edge_zone": "",
            "encryption": [],
            "flow_timeout_in_minutes": 0,
            "guid": "ddfdf19c-6e3a-4c60-a750-57560c0a18d2",
            "id": "/subscriptions/c0035358-9776-4fa3-ac05-e92b995d067b/resourceGroups/RG-NSSA-320-Group9/providers/Microsoft.Network/virtualNetworks/RG-NSSA-320-Group9-vnet",
            "location": "eastus",
            "name": "RG-NSSA-320-Group9-vnet",
            "resource_group_name": "RG-NSSA-320-Group9",
            "subnet": [],
            "tags": null,
            "timeouts": null
          },
          "sensitive_attributes": [],
          "identity_schema_version": 0,
          "private": "eyJlMmJmYjczMC1lY2FhLTExZTYtOGY4OC0zNDM2M2JjN2M0YzAiOnsiY3JlYXRlIjoxODAwMDAwMDAwMDAwLCJkZWxldGUiOjE4MDAwMDAwMDAwMDAsInJlYWQiOjMwMDAwMDAwMDAwMCwidXBkYXRlIjoxODAwMDAwMDAwMDAwfX0="
        }
      ]
    }
  ],
  "check_results": null
}
